
Microsoft Visual Studio Solution File, Format Version 12.00
# Visual Studio 15
VisualStudioVersion = 15.0.28307.1300
MinimumVisualStudioVersion = 10.0.40219.1
Project("{FAE04EC0-301F-11D3-BF4B-00C04F79EFBC}") = "Mvc-Model_ModelBinding", "Mvc-Mode_ModelBinding\Mvc-Model_ModelBinding.csproj", "{B8207569-8BDF-4104-A47E-DEA89494241D}"
EndProject
Global
	GlobalSection(SolutionConfigurationPlatforms) = preSolution
		Debug|Any CPU = Debug|Any CPU
		Release|Any CPU = Release|Any CPU
	EndGlobalSection
	GlobalSection(ProjectConfigurationPlatforms) = postSolution
		{B8207569-8BDF-4104-A47E-DEA89494241D}.Debug|Any CPU.ActiveCfg = Debug|Any CPU
		{B8207569-8BDF-4104-A47E-DEA89494241D}.Debug|Any CPU.Build.0 = Debug|Any CPU
		{B8207569-8BDF-4104-A47E-DEA89494241D}.Release|Any CPU.ActiveCfg = Release|Any CPU
		{B8207569-8BDF-4104-A47E-DEA89494241D}.Release|Any CPU.Build.0 = Release|Any CPU
	EndGlobalSection
	GlobalSection(SolutionProperties) = preSolution
		HideSolutionNode = FALSE
	EndGlobalSection
	GlobalSection(ExtensibilityGlobals) = postSolution
		SolutionGuid = {5869F1FA-7C1D-400B-BE60-46360488D00A}
	EndGlobalSection
EndGlobal
