
Microsoft Visual Studio Solution File, Format Version 12.00
# Visual Studio 15
VisualStudioVersion = 15.0.28307.1300
MinimumVisualStudioVersion = 10.0.40219.1
Project("{FAE04EC0-301F-11D3-BF4B-00C04F79EFBC}") = "Mvc-HelperMethods", "Mvc-HelperMethods\Mvc-HelperMethods.csproj", "{B034D9BA-285C-4D12-97D2-4AD2161EE663}"
EndProject
Global
	GlobalSection(SolutionConfigurationPlatforms) = preSolution
		Debug|Any CPU = Debug|Any CPU
		Release|Any CPU = Release|Any CPU
	EndGlobalSection
	GlobalSection(ProjectConfigurationPlatforms) = postSolution
		{B034D9BA-285C-4D12-97D2-4AD2161EE663}.Debug|Any CPU.ActiveCfg = Debug|Any CPU
		{B034D9BA-285C-4D12-97D2-4AD2161EE663}.Debug|Any CPU.Build.0 = Debug|Any CPU
		{B034D9BA-285C-4D12-97D2-4AD2161EE663}.Release|Any CPU.ActiveCfg = Release|Any CPU
		{B034D9BA-285C-4D12-97D2-4AD2161EE663}.Release|Any CPU.Build.0 = Release|Any CPU
	EndGlobalSection
	GlobalSection(SolutionProperties) = preSolution
		HideSolutionNode = FALSE
	EndGlobalSection
	GlobalSection(ExtensibilityGlobals) = postSolution
		SolutionGuid = {2226541A-686A-4A23-AF20-7C536B53F7A4}
	EndGlobalSection
EndGlobal
